// !$*UTF8*$!
{
	archiveVersion = 1;
	classes = {
	};
	objectVersion = 46;
	objects = {

/* Begin PBXBuildFile section */
		02EF05951D870C0A006624A3 /* AppDelegate.swift in Sources */ = {isa = PBXBuildFile; fileRef = 02EF05941D870C0A006624A3 /* AppDelegate.swift */; };
		02EF05971D870C0A006624A3 /* MainVC.swift in Sources */ = {isa = PBXBuildFile; fileRef = 02EF05961D870C0A006624A3 /* MainVC.swift */; };
		02EF059A1D870C0A006624A3 /* Main.storyboard in Resources */ = {isa = PBXBuildFile; fileRef = 02EF05981D870C0A006624A3 /* Main.storyboard */; };
		02EF059D1D870C0A006624A3 /* DreamLister.xcdatamodeld in Sources */ = {isa = PBXBuildFile; fileRef = 02EF059B1D870C0A006624A3 /* DreamLister.xcdatamodeld */; };
		02EF059F1D870C0A006624A3 /* Assets.xcassets in Resources */ = {isa = PBXBuildFile; fileRef = 02EF059E1D870C0A006624A3 /* Assets.xcassets */; };
		02EF05A21D870C0A006624A3 /* LaunchScreen.storyboard in Resources */ = {isa = PBXBuildFile; fileRef = 02EF05A01D870C0A006624A3 /* LaunchScreen.storyboard */; };
		02EF05AD1D870C0A006624A3 /* DreamListerTests.swift in Sources */ = {isa = PBXBuildFile; fileRef = 02EF05AC1D870C0A006624A3 /* DreamListerTests.swift */; };
		02EF05B81D870C0A006624A3 /* DreamListerUITests.swift in Sources */ = {isa = PBXBuildFile; fileRef = 02EF05B71D870C0A006624A3 /* DreamListerUITests.swift */; };
		02EF05CD1D87126A006624A3 /* Image+CoreDataClass.swift in Sources */ = {isa = PBXBuildFile; fileRef = 02EF05C51D87126A006624A3 /* Image+CoreDataClass.swift */; };
		02EF05CE1D87126A006624A3 /* Image+CoreDataProperties.swift in Sources */ = {isa = PBXBuildFile; fileRef = 02EF05C61D87126A006624A3 /* Image+CoreDataProperties.swift */; };
		02EF05CF1D87126A006624A3 /* Item+CoreDataClass.swift in Sources */ = {isa = PBXBuildFile; fileRef = 02EF05C71D87126A006624A3 /* Item+CoreDataClass.swift */; };
		02EF05D01D87126A006624A3 /* Item+CoreDataProperties.swift in Sources */ = {isa = PBXBuildFile; fileRef = 02EF05C81D87126A006624A3 /* Item+CoreDataProperties.swift */; };
		02EF05D11D87126A006624A3 /* Store+CoreDataClass.swift in Sources */ = {isa = PBXBuildFile; fileRef = 02EF05C91D87126A006624A3 /* Store+CoreDataClass.swift */; };
		02EF05D21D87126A006624A3 /* Store+CoreDataProperties.swift in Sources */ = {isa = PBXBuildFile; fileRef = 02EF05CA1D87126A006624A3 /* Store+CoreDataProperties.swift */; };
		02EF05D31D87126A006624A3 /* ItemType+CoreDataClass.swift in Sources */ = {isa = PBXBuildFile; fileRef = 02EF05CB1D87126A006624A3 /* ItemType+CoreDataClass.swift */; };
		02EF05D41D87126A006624A3 /* ItemType+CoreDataProperties.swift in Sources */ = {isa = PBXBuildFile; fileRef = 02EF05CC1D87126A006624A3 /* ItemType+CoreDataProperties.swift */; };
		02EF05D91D8737D9006624A3 /* MaterialView.swift in Sources */ = {isa = PBXBuildFile; fileRef = 02EF05D81D8737D9006624A3 /* MaterialView.swift */; };
		02EF05DB1D873D8F006624A3 /* ItemCell.swift in Sources */ = {isa = PBXBuildFile; fileRef = 02EF05DA1D873D8F006624A3 /* ItemCell.swift */; };
		AA74CE131D89B13600F68F5C /* ItemDetailsVC.swift in Sources */ = {isa = PBXBuildFile; fileRef = AA74CE121D89B13600F68F5C /* ItemDetailsVC.swift */; };
		AA74CE151D89B8A900F68F5C /* CustomTextField.swift in Sources */ = {isa = PBXBuildFile; fileRef = AA74CE141D89B8A900F68F5C /* CustomTextField.swift */; };
/* End PBXBuildFile section */

/* Begin PBXContainerItemProxy section */
		02EF05A91D870C0A006624A3 /* PBXContainerItemProxy */ = {
			isa = PBXContainerItemProxy;
			containerPortal = 02EF05891D870C0A006624A3 /* Project object */;
			proxyType = 1;
			remoteGlobalIDString = 02EF05901D870C0A006624A3;
			remoteInfo = DreamLister;
		};
		02EF05B41D870C0A006624A3 /* PBXContainerItemProxy */ = {
			isa = PBXContainerItemProxy;
			containerPortal = 02EF05891D870C0A006624A3 /* Project object */;
			proxyType = 1;
			remoteGlobalIDString = 02EF05901D870C0A006624A3;
			remoteInfo = DreamLister;
		};
/* End PBXContainerItemProxy section */

/* Begin PBXFileReference section */
		02EF05911D870C0A006624A3 /* DreamLister.app */ = {isa = PBXFileReference; explicitFileType = wrapper.application; includeInIndex = 0; path = DreamLister.app; sourceTree = BUILT_PRODUCTS_DIR; };
		02EF05941D870C0A006624A3 /* AppDelegate.swift */ = {isa = PBXFileReference; lastKnownFileType = sourcecode.swift; path = AppDelegate.swift; sourceTree = "<group>"; };
		02EF05961D870C0A006624A3 /* MainVC.swift */ = {isa = PBXFileReference; lastKnownFileType = sourcecode.swift; path = MainVC.swift; sourceTree = "<group>"; };
		02EF05991D870C0A006624A3 /* Base */ = {isa = PBXFileReference; lastKnownFileType = file.storyboard; name = Base; path = Base.lproj/Main.storyboard; sourceTree = "<group>"; };
		02EF059C1D870C0A006624A3 /* DreamLister.xcdatamodel */ = {isa = PBXFileReference; lastKnownFileType = wrapper.xcdatamodel; path = DreamLister.xcdatamodel; sourceTree = "<group>"; };
		02EF059E1D870C0A006624A3 /* Assets.xcassets */ = {isa = PBXFileReference; lastKnownFileType = folder.assetcatalog; path = Assets.xcassets; sourceTree = "<group>"; };
		02EF05A11D870C0A006624A3 /* Base */ = {isa = PBXFileReference; lastKnownFileType = file.storyboard; name = Base; path = Base.lproj/LaunchScreen.storyboard; sourceTree = "<group>"; };
		02EF05A31D870C0A006624A3 /* Info.plist */ = {isa = PBXFileReference; lastKnownFileType = text.plist.xml; path = Info.plist; sourceTree = "<group>"; };
		02EF05A81D870C0A006624A3 /* DreamListerTests.xctest */ = {isa = PBXFileReference; explicitFileType = wrapper.cfbundle; includeInIndex = 0; path = DreamListerTests.xctest; sourceTree = BUILT_PRODUCTS_DIR; };
		02EF05AC1D870C0A006624A3 /* DreamListerTests.swift */ = {isa = PBXFileReference; lastKnownFileType = sourcecode.swift; path = DreamListerTests.swift; sourceTree = "<group>"; };
		02EF05AE1D870C0A006624A3 /* Info.plist */ = {isa = PBXFileReference; lastKnownFileType = text.plist.xml; path = Info.plist; sourceTree = "<group>"; };
		02EF05B31D870C0A006624A3 /* DreamListerUITests.xctest */ = {isa = PBXFileReference; explicitFileType = wrapper.cfbundle; includeInIndex = 0; path = DreamListerUITests.xctest; sourceTree = BUILT_PRODUCTS_DIR; };
		02EF05B71D870C0A006624A3 /* DreamListerUITests.swift */ = {isa = PBXFileReference; lastKnownFileType = sourcecode.swift; path = DreamListerUITests.swift; sourceTree = "<group>"; };
		02EF05B91D870C0A006624A3 /* Info.plist */ = {isa = PBXFileReference; lastKnownFileType = text.plist.xml; path = Info.plist; sourceTree = "<group>"; };
		02EF05C51D87126A006624A3 /* Image+CoreDataClass.swift */ = {isa = PBXFileReference; fileEncoding = 4; lastKnownFileType = sourcecode.swift; path = "Image+CoreDataClass.swift"; sourceTree = "<group>"; };
		02EF05C61D87126A006624A3 /* Image+CoreDataProperties.swift */ = {isa = PBXFileReference; fileEncoding = 4; lastKnownFileType = sourcecode.swift; path = "Image+CoreDataProperties.swift"; sourceTree = "<group>"; };
		02EF05C71D87126A006624A3 /* Item+CoreDataClass.swift */ = {isa = PBXFileReference; fileEncoding = 4; lastKnownFileType = sourcecode.swift; path = "Item+CoreDataClass.swift"; sourceTree = "<group>"; };
		02EF05C81D87126A006624A3 /* Item+CoreDataProperties.swift */ = {isa = PBXFileReference; fileEncoding = 4; lastKnownFileType = sourcecode.swift; path = "Item+CoreDataProperties.swift"; sourceTree = "<group>"; };
		02EF05C91D87126A006624A3 /* Store+CoreDataClass.swift */ = {isa = PBXFileReference; fileEncoding = 4; lastKnownFileType = sourcecode.swift; path = "Store+CoreDataClass.swift"; sourceTree = "<group>"; };
		02EF05CA1D87126A006624A3 /* Store+CoreDataProperties.swift */ = {isa = PBXFileReference; fileEncoding = 4; lastKnownFileType = sourcecode.swift; path = "Store+CoreDataProperties.swift"; sourceTree = "<group>"; };
		02EF05CB1D87126A006624A3 /* ItemType+CoreDataClass.swift */ = {isa = PBXFileReference; fileEncoding = 4; lastKnownFileType = sourcecode.swift; path = "ItemType+CoreDataClass.swift"; sourceTree = "<group>"; };
		02EF05CC1D87126A006624A3 /* ItemType+CoreDataProperties.swift */ = {isa = PBXFileReference; fileEncoding = 4; lastKnownFileType = sourcecode.swift; path = "ItemType+CoreDataProperties.swift"; sourceTree = "<group>"; };
		02EF05D81D8737D9006624A3 /* MaterialView.swift */ = {isa = PBXFileReference; fileEncoding = 4; lastKnownFileType = sourcecode.swift; path = MaterialView.swift; sourceTree = "<group>"; };
		02EF05DA1D873D8F006624A3 /* ItemCell.swift */ = {isa = PBXFileReference; fileEncoding = 4; lastKnownFileType = sourcecode.swift; path = ItemCell.swift; sourceTree = "<group>"; };
		AA74CE121D89B13600F68F5C /* ItemDetailsVC.swift */ = {isa = PBXFileReference; fileEncoding = 4; lastKnownFileType = sourcecode.swift; path = ItemDetailsVC.swift; sourceTree = "<group>"; };
		AA74CE141D89B8A900F68F5C /* CustomTextField.swift */ = {isa = PBXFileReference; fileEncoding = 4; lastKnownFileType = sourcecode.swift; path = CustomTextField.swift; sourceTree = "<group>"; };
/* End PBXFileReference section */

/* Begin PBXFrameworksBuildPhase section */
		02EF058E1D870C0A006624A3 /* Frameworks */ = {
			isa = PBXFrameworksBuildPhase;
			buildActionMask = 2147483647;
			files = (
			);
			runOnlyForDeploymentPostprocessing = 0;
		};
		02EF05A51D870C0A006624A3 /* Frameworks */ = {
			isa = PBXFrameworksBuildPhase;
			buildActionMask = 2147483647;
			files = (
			);
			runOnlyForDeploymentPostprocessing = 0;
		};
		02EF05B01D870C0A006624A3 /* Frameworks */ = {
			isa = PBXFrameworksBuildPhase;
			buildActionMask = 2147483647;
			files = (
			);
			runOnlyForDeploymentPostprocessing = 0;
		};
/* End PBXFrameworksBuildPhase section */

/* Begin PBXGroup section */
		02EF05881D870C0A006624A3 = {
			isa = PBXGroup;
			children = (
				02EF05931D870C0A006624A3 /* DreamLister */,
				02EF05AB1D870C0A006624A3 /* DreamListerTests */,
				02EF05B61D870C0A006624A3 /* DreamListerUITests */,
				02EF05921D870C0A006624A3 /* Products */,
			);
			sourceTree = "<group>";
		};
		02EF05921D870C0A006624A3 /* Products */ = {
			isa = PBXGroup;
			children = (
				02EF05911D870C0A006624A3 /* DreamLister.app */,
				02EF05A81D870C0A006624A3 /* DreamListerTests.xctest */,
				02EF05B31D870C0A006624A3 /* DreamListerUITests.xctest */,
			);
			name = Products;
			sourceTree = "<group>";
		};
		02EF05931D870C0A006624A3 /* DreamLister */ = {
			isa = PBXGroup;
			children = (
				02EF05D71D8737B6006624A3 /* View */,
				02EF05D51D871488006624A3 /* Model */,
				02EF05941D870C0A006624A3 /* AppDelegate.swift */,
				AA74CE0F1D89B04900F68F5C /* Controller */,
				02EF05981D870C0A006624A3 /* Main.storyboard */,
				02EF059E1D870C0A006624A3 /* Assets.xcassets */,
				02EF05A01D870C0A006624A3 /* LaunchScreen.storyboard */,
				02EF05A31D870C0A006624A3 /* Info.plist */,
				02EF059B1D870C0A006624A3 /* DreamLister.xcdatamodeld */,
			);
			path = DreamLister;
			sourceTree = "<group>";
		};
		02EF05AB1D870C0A006624A3 /* DreamListerTests */ = {
			isa = PBXGroup;
			children = (
				02EF05AC1D870C0A006624A3 /* DreamListerTests.swift */,
				02EF05AE1D870C0A006624A3 /* Info.plist */,
			);
			path = DreamListerTests;
			sourceTree = "<group>";
		};
		02EF05B61D870C0A006624A3 /* DreamListerUITests */ = {
			isa = PBXGroup;
			children = (
				02EF05B71D870C0A006624A3 /* DreamListerUITests.swift */,
				02EF05B91D870C0A006624A3 /* Info.plist */,
			);
			path = DreamListerUITests;
			sourceTree = "<group>";
		};
		02EF05D51D871488006624A3 /* Model */ = {
			isa = PBXGroup;
			children = (
				02EF05C51D87126A006624A3 /* Image+CoreDataClass.swift */,
				02EF05C71D87126A006624A3 /* Item+CoreDataClass.swift */,
				02EF05C91D87126A006624A3 /* Store+CoreDataClass.swift */,
				02EF05CB1D87126A006624A3 /* ItemType+CoreDataClass.swift */,
				02EF05D61D871492006624A3 /* Generated */,
			);
			name = Model;
			sourceTree = "<group>";
		};
		02EF05D61D871492006624A3 /* Generated */ = {
			isa = PBXGroup;
			children = (
				02EF05C61D87126A006624A3 /* Image+CoreDataProperties.swift */,
				02EF05C81D87126A006624A3 /* Item+CoreDataProperties.swift */,
				02EF05CA1D87126A006624A3 /* Store+CoreDataProperties.swift */,
				02EF05CC1D87126A006624A3 /* ItemType+CoreDataProperties.swift */,
			);
			name = Generated;
			sourceTree = "<group>";
		};
		02EF05D71D8737B6006624A3 /* View */ = {
			isa = PBXGroup;
			children = (
				02EF05D81D8737D9006624A3 /* MaterialView.swift */,
				AA74CE141D89B8A900F68F5C /* CustomTextField.swift */,
				02EF05DA1D873D8F006624A3 /* ItemCell.swift */,
			);
			name = View;
			sourceTree = "<group>";
		};
		AA74CE0F1D89B04900F68F5C /* Controller */ = {
			isa = PBXGroup;
			children = (
				02EF05961D870C0A006624A3 /* MainVC.swift */,
				AA74CE121D89B13600F68F5C /* ItemDetailsVC.swift */,
			);
			name = Controller;
			sourceTree = "<group>";
		};
/* End PBXGroup section */

/* Begin PBXNativeTarget section */
		02EF05901D870C0A006624A3 /* DreamLister */ = {
			isa = PBXNativeTarget;
			buildConfigurationList = 02EF05BC1D870C0A006624A3 /* Build configuration list for PBXNativeTarget "DreamLister" */;
			buildPhases = (
				02EF058D1D870C0A006624A3 /* Sources */,
				02EF058E1D870C0A006624A3 /* Frameworks */,
				02EF058F1D870C0A006624A3 /* Resources */,
			);
			buildRules = (
			);
			dependencies = (
			);
			name = DreamLister;
			productName = DreamLister;
			productReference = 02EF05911D870C0A006624A3 /* DreamLister.app */;
			productType = "com.apple.product-type.application";
		};
		02EF05A71D870C0A006624A3 /* DreamListerTests */ = {
			isa = PBXNativeTarget;
			buildConfigurationList = 02EF05BF1D870C0A006624A3 /* Build configuration list for PBXNativeTarget "DreamListerTests" */;
			buildPhases = (
				02EF05A41D870C0A006624A3 /* Sources */,
				02EF05A51D870C0A006624A3 /* Frameworks */,
				02EF05A61D870C0A006624A3 /* Resources */,
			);
			buildRules = (
			);
			dependencies = (
				02EF05AA1D870C0A006624A3 /* PBXTargetDependency */,
			);
			name = DreamListerTests;
			productName = DreamListerTests;
			productReference = 02EF05A81D870C0A006624A3 /* DreamListerTests.xctest */;
			productType = "com.apple.product-type.bundle.unit-test";
		};
		02EF05B21D870C0A006624A3 /* DreamListerUITests */ = {
			isa = PBXNativeTarget;
			buildConfigurationList = 02EF05C21D870C0A006624A3 /* Build configuration list for PBXNativeTarget "DreamListerUITests" */;
			buildPhases = (
				02EF05AF1D870C0A006624A3 /* Sources */,
				02EF05B01D870C0A006624A3 /* Frameworks */,
				02EF05B11D870C0A006624A3 /* Resources */,
			);
			buildRules = (
			);
			dependencies = (
				02EF05B51D870C0A006624A3 /* PBXTargetDependency */,
			);
			name = DreamListerUITests;
			productName = DreamListerUITests;
			productReference = 02EF05B31D870C0A006624A3 /* DreamListerUITests.xctest */;
			productType = "com.apple.product-type.bundle.ui-testing";
		};
/* End PBXNativeTarget section */

/* Begin PBXProject section */
		02EF05891D870C0A006624A3 /* Project object */ = {
			isa = PBXProject;
			attributes = {
				LastSwiftUpdateCheck = 0800;
				LastUpgradeCheck = 0800;
				ORGANIZATIONNAME = "James Volmert";
				TargetAttributes = {
					02EF05901D870C0A006624A3 = {
						CreatedOnToolsVersion = 8.0;
						ProvisioningStyle = Automatic;
					};
					02EF05A71D870C0A006624A3 = {
						CreatedOnToolsVersion = 8.0;
						ProvisioningStyle = Automatic;
						TestTargetID = 02EF05901D870C0A006624A3;
					};
					02EF05B21D870C0A006624A3 = {
						CreatedOnToolsVersion = 8.0;
						ProvisioningStyle = Automatic;
						TestTargetID = 02EF05901D870C0A006624A3;
					};
				};
			};
			buildConfigurationList = 02EF058C1D870C0A006624A3 /* Build configuration list for PBXProject "DreamLister" */;
			compatibilityVersion = "Xcode 3.2";
			developmentRegion = English;
			hasScannedForEncodings = 0;
			knownRegions = (
				en,
				Base,
			);
			mainGroup = 02EF05881D870C0A006624A3;
			productRefGroup = 02EF05921D870C0A006624A3 /* Products */;
			projectDirPath = "";
			projectRoot = "";
			targets = (
				02EF05901D870C0A006624A3 /* DreamLister */,
				02EF05A71D870C0A006624A3 /* DreamListerTests */,
				02EF05B21D870C0A006624A3 /* DreamListerUITests */,
			);
		};
/* End PBXProject section */

/* Begin PBXResourcesBuildPhase section */
		02EF058F1D870C0A006624A3 /* Resources */ = {
			isa = PBXResourcesBuildPhase;
			buildActionMask = 2147483647;
			files = (
				02EF05A21D870C0A006624A3 /* LaunchScreen.storyboard in Resources */,
				02EF059F1D870C0A006624A3 /* Assets.xcassets in Resources */,
				02EF059A1D870C0A006624A3 /* Main.storyboard in Resources */,
			);
			runOnlyForDeploymentPostprocessing = 0;
		};
		02EF05A61D870C0A006624A3 /* Resources */ = {
			isa = PBXResourcesBuildPhase;
			buildActionMask = 2147483647;
			files = (
			);
			runOnlyForDeploymentPostprocessing = 0;
		};
		02EF05B11D870C0A006624A3 /* Resources */ = {
			isa = PBXResourcesBuildPhase;
			buildActionMask = 2147483647;
			files = (
			);
			runOnlyForDeploymentPostprocessing = 0;
		};
/* End PBXResourcesBuildPhase section */

/* Begin PBXSourcesBuildPhase section */
		02EF058D1D870C0A006624A3 /* Sources */ = {
			isa = PBXSourcesBuildPhase;
			buildActionMask = 2147483647;
			files = (
				02EF05DB1D873D8F006624A3 /* ItemCell.swift in Sources */,
				02EF05D01D87126A006624A3 /* Item+CoreDataProperties.swift in Sources */,
				02EF05CF1D87126A006624A3 /* Item+CoreDataClass.swift in Sources */,
				02EF05D31D87126A006624A3 /* ItemType+CoreDataClass.swift in Sources */,
				02EF05D91D8737D9006624A3 /* MaterialView.swift in Sources */,
				02EF05971D870C0A006624A3 /* MainVC.swift in Sources */,
				02EF05CE1D87126A006624A3 /* Image+CoreDataProperties.swift in Sources */,
				02EF05D21D87126A006624A3 /* Store+CoreDataProperties.swift in Sources */,
				AA74CE131D89B13600F68F5C /* ItemDetailsVC.swift in Sources */,
				02EF05951D870C0A006624A3 /* AppDelegate.swift in Sources */,
				02EF05D41D87126A006624A3 /* ItemType+CoreDataProperties.swift in Sources */,
				02EF05D11D87126A006624A3 /* Store+CoreDataClass.swift in Sources */,
				02EF059D1D870C0A006624A3 /* DreamLister.xcdatamodeld in Sources */,
				02EF05CD1D87126A006624A3 /* Image+CoreDataClass.swift in Sources */,
				AA74CE151D89B8A900F68F5C /* CustomTextField.swift in Sources */,
			);
			runOnlyForDeploymentPostprocessing = 0;
		};
		02EF05A41D870C0A006624A3 /* Sources */ = {
			isa = PBXSourcesBuildPhase;
			buildActionMask = 2147483647;
			files = (
				02EF05AD1D870C0A006624A3 /* DreamListerTests.swift in Sources */,
			);
			runOnlyForDeploymentPostprocessing = 0;
		};
		02EF05AF1D870C0A006624A3 /* Sources */ = {
			isa = PBXSourcesBuildPhase;
			buildActionMask = 2147483647;
			files = (
				02EF05B81D870C0A006624A3 /* DreamListerUITests.swift in Sources */,
			);
			runOnlyForDeploymentPostprocessing = 0;
		};
/* End PBXSourcesBuildPhase section */

/* Begin PBXTargetDependency section */
		02EF05AA1D870C0A006624A3 /* PBXTargetDependency */ = {
			isa = PBXTargetDependency;
			target = 02EF05901D870C0A006624A3 /* DreamLister */;
			targetProxy = 02EF05A91D870C0A006624A3 /* PBXContainerItemProxy */;
		};
		02EF05B51D870C0A006624A3 /* PBXTargetDependency */ = {
			isa = PBXTargetDependency;
			target = 02EF05901D870C0A006624A3 /* DreamLister */;
			targetProxy = 02EF05B41D870C0A006624A3 /* PBXContainerItemProxy */;
		};
/* End PBXTargetDependency section */

/* Begin PBXVariantGroup section */
		02EF05981D870C0A006624A3 /* Main.storyboard */ = {
			isa = PBXVariantGroup;
			children = (
				02EF05991D870C0A006624A3 /* Base */,
			);
			name = Main.storyboard;
			sourceTree = "<group>";
		};
		02EF05A01D870C0A006624A3 /* LaunchScreen.storyboard */ = {
			isa = PBXVariantGroup;
			children = (
				02EF05A11D870C0A006624A3 /* Base */,
			);
			name = LaunchScreen.storyboard;
			sourceTree = "<group>";
		};
/* End PBXVariantGroup section */

/* Begin XCBuildConfiguration section */
		02EF05BA1D870C0A006624A3 /* Debug */ = {
			isa = XCBuildConfiguration;
			buildSettings = {
				ALWAYS_SEARCH_USER_PATHS = NO;
				CLANG_ANALYZER_NONNULL = YES;
				CLANG_CXX_LANGUAGE_STANDARD = "gnu++0x";
				CLANG_CXX_LIBRARY = "libc++";
				CLANG_ENABLE_MODULES = YES;
				CLANG_ENABLE_OBJC_ARC = YES;
				CLANG_WARN_BOOL_CONVERSION = YES;
				CLANG_WARN_CONSTANT_CONVERSION = YES;
				CLANG_WARN_DIRECT_OBJC_ISA_USAGE = YES_ERROR;
				CLANG_WARN_DOCUMENTATION_COMMENTS = YES;
				CLANG_WARN_EMPTY_BODY = YES;
				CLANG_WARN_ENUM_CONVERSION = YES;
				CLANG_WARN_INFINITE_RECURSION = YES;
				CLANG_WARN_INT_CONVERSION = YES;
				CLANG_WARN_OBJC_ROOT_CLASS = YES_ERROR;
				CLANG_WARN_SUSPICIOUS_MOVES = YES;
				CLANG_WARN_UNREACHABLE_CODE = YES;
				CLANG_WARN__DUPLICATE_METHOD_MATCH = YES;
				"CODE_SIGN_IDENTITY[sdk=iphoneos*]" = "iPhone Developer";
				COPY_PHASE_STRIP = NO;
				DEBUG_INFORMATION_FORMAT = dwarf;
				ENABLE_STRICT_OBJC_MSGSEND = YES;
				ENABLE_TESTABILITY = YES;
				GCC_C_LANGUAGE_STANDARD = gnu99;
				GCC_DYNAMIC_NO_PIC = NO;
				GCC_NO_COMMON_BLOCKS = YES;
				GCC_OPTIMIZATION_LEVEL = 0;
				GCC_PREPROCESSOR_DEFINITIONS = (
					"DEBUG=1",
					"$(inherited)",
				);
				GCC_WARN_64_TO_32_BIT_CONVERSION = YES;
				GCC_WARN_ABOUT_RETURN_TYPE = YES_ERROR;
				GCC_WARN_UNDECLARED_SELECTOR = YES;
				GCC_WARN_UNINITIALIZED_AUTOS = YES_AGGRESSIVE;
				GCC_WARN_UNUSED_FUNCTION = YES;
				GCC_WARN_UNUSED_VARIABLE = YES;
				IPHONEOS_DEPLOYMENT_TARGET = 10.0;
				MTL_ENABLE_DEBUG_INFO = YES;
				ONLY_ACTIVE_ARCH = YES;
				SDKROOT = iphoneos;
				SWIFT_ACTIVE_COMPILATION_CONDITIONS = DEBUG;
				SWIFT_OPTIMIZATION_LEVEL = "-Onone";
				TARGETED_DEVICE_FAMILY = "1,2";
			};
			name = Debug;
		};
		02EF05BB1D870C0A006624A3 /* Release */ = {
			isa = XCBuildConfiguration;
			buildSettings = {
				ALWAYS_SEARCH_USER_PATHS = NO;
				CLANG_ANALYZER_NONNULL = YES;
				CLANG_CXX_LANGUAGE_STANDARD = "gnu++0x";
				CLANG_CXX_LIBRARY = "libc++";
				CLANG_ENABLE_MODULES = YES;
				CLANG_ENABLE_OBJC_ARC = YES;
				CLANG_WARN_BOOL_CONVERSION = YES;
				CLANG_WARN_CONSTANT_CONVERSION = YES;
				CLANG_WARN_DIRECT_OBJC_ISA_USAGE = YES_ERROR;
				CLANG_WARN_DOCUMENTATION_COMMENTS = YES;
				CLANG_WARN_EMPTY_BODY = YES;
				CLANG_WARN_ENUM_CONVERSION = YES;
				CLANG_WARN_INFINITE_RECURSION = YES;
				CLANG_WARN_INT_CONVERSION = YES;
				CLANG_WARN_OBJC_ROOT_CLASS = YES_ERROR;
				CLANG_WARN_SUSPICIOUS_MOVES = YES;
				CLANG_WARN_UNREACHABLE_CODE = YES;
				CLANG_WARN__DUPLICATE_METHOD_MATCH = YES;
				"CODE_SIGN_IDENTITY[sdk=iphoneos*]" = "iPhone Developer";
				COPY_PHASE_STRIP = NO;
				DEBUG_INFORMATION_FORMAT = "dwarf-with-dsym";
				ENABLE_NS_ASSERTIONS = NO;
				ENABLE_STRICT_OBJC_MSGSEND = YES;
				GCC_C_LANGUAGE_STANDARD = gnu99;
				GCC_NO_COMMON_BLOCKS = YES;
				GCC_WARN_64_TO_32_BIT_CONVERSION = YES;
				GCC_WARN_ABOUT_RETURN_TYPE = YES_ERROR;
				GCC_WARN_UNDECLARED_SELECTOR = YES;
				GCC_WARN_UNINITIALIZED_AUTOS = YES_AGGRESSIVE;
				GCC_WARN_UNUSED_FUNCTION = YES;
				GCC_WARN_UNUSED_VARIABLE = YES;
				IPHONEOS_DEPLOYMENT_TARGET = 10.0;
				MTL_ENABLE_DEBUG_INFO = NO;
				SDKROOT = iphoneos;
				SWIFT_OPTIMIZATION_LEVEL = "-Owholemodule";
				TARGETED_DEVICE_FAMILY = "1,2";
				VALIDATE_PRODUCT = YES;
			};
			name = Release;
		};
		02EF05BD1D870C0A006624A3 /* Debug */ = {
			isa = XCBuildConfiguration;
			buildSettings = {
				ASSETCATALOG_COMPILER_APPICON_NAME = AppIcon;
				INFOPLIST_FILE = DreamLister/Info.plist;
				LD_RUNPATH_SEARCH_PATHS = "$(inherited) @executable_path/Frameworks";
				PRODUCT_BUNDLE_IDENTIFIER = com..DreamLister;
				PRODUCT_NAME = "$(TARGET_NAME)";
				SWIFT_VERSION = 3.0;
			};
			name = Debug;
		};
		02EF05BE1D870C0A006624A3 /* Release */ = {
			isa = XCBuildConfiguration;
			buildSettings = {
				ASSETCATALOG_COMPILER_APPICON_NAME = AppIcon;
				INFOPLIST_FILE = DreamLister/Info.plist;
				LD_RUNPATH_SEARCH_PATHS = "$(inherited) @executable_path/Frameworks";
				PRODUCT_BUNDLE_IDENTIFIER = com..DreamLister;
				PRODUCT_NAME = "$(TARGET_NAME)";
				SWIFT_VERSION = 3.0;
			};
			name = Release;
		};
		02EF05C01D870C0A006624A3 /* Debug */ = {
			isa = XCBuildConfiguration;
			buildSettings = {
				ALWAYS_EMBED_SWIFT_STANDARD_LIBRARIES = YES;
				BUNDLE_LOADER = "$(TEST_HOST)";
				INFOPLIST_FILE = DreamListerTests/Info.plist;
				LD_RUNPATH_SEARCH_PATHS = "$(inherited) @executable_path/Frameworks @loader_path/Frameworks";
				PRODUCT_BUNDLE_IDENTIFIER = com..DreamListerTests;
				PRODUCT_NAME = "$(TARGET_NAME)";
				SWIFT_VERSION = 3.0;
				TEST_HOST = "$(BUILT_PRODUCTS_DIR)/DreamLister.app/DreamLister";
			};
			name = Debug;
		};
		02EF05C11D870C0A006624A3 /* Release */ = {
			isa = XCBuildConfiguration;
			buildSettings = {
				ALWAYS_EMBED_SWIFT_STANDARD_LIBRARIES = YES;
				BUNDLE_LOADER = "$(TEST_HOST)";
				INFOPLIST_FILE = DreamListerTests/Info.plist;
				LD_RUNPATH_SEARCH_PATHS = "$(inherited) @executable_path/Frameworks @loader_path/Frameworks";
				PRODUCT_BUNDLE_IDENTIFIER = com..DreamListerTests;
				PRODUCT_NAME = "$(TARGET_NAME)";
				SWIFT_VERSION = 3.0;
				TEST_HOST = "$(BUILT_PRODUCTS_DIR)/DreamLister.app/DreamLister";
			};
			name = Release;
		};
		02EF05C31D870C0A006624A3 /* Debug */ = {
			isa = XCBuildConfiguration;
			buildSettings = {
				ALWAYS_EMBED_SWIFT_STANDARD_LIBRARIES = YES;
				INFOPLIST_FILE = DreamListerUITests/Info.plist;
				LD_RUNPATH_SEARCH_PATHS = "$(inherited) @executable_path/Frameworks @loader_path/Frameworks";
				PRODUCT_BUNDLE_IDENTIFIER = com..DreamListerUITests;
				PRODUCT_NAME = "$(TARGET_NAME)";
				SWIFT_VERSION = 3.0;
				TEST_TARGET_NAME = DreamLister;
			};
			name = Debug;
		};
		02EF05C41D870C0A006624A3 /* Release */ = {
			isa = XCBuildConfiguration;
			buildSettings = {
				ALWAYS_EMBED_SWIFT_STANDARD_LIBRARIES = YES;
				INFOPLIST_FILE = DreamListerUITests/Info.plist;
				LD_RUNPATH_SEARCH_PATHS = "$(inherited) @executable_path/Frameworks @loader_path/Frameworks";
				PRODUCT_BUNDLE_IDENTIFIER = com..DreamListerUITests;
				PRODUCT_NAME = "$(TARGET_NAME)";
				SWIFT_VERSION = 3.0;
				TEST_TARGET_NAME = DreamLister;
			};
			name = Release;
		};
/* End XCBuildConfiguration section */

/* Begin XCConfigurationList section */
		02EF058C1D870C0A006624A3 /* Build configuration list for PBXProject "DreamLister" */ = {
			isa = XCConfigurationList;
			buildConfigurations = (
				02EF05BA1D870C0A006624A3 /* Debug */,
				02EF05BB1D870C0A006624A3 /* Release */,
			);
			defaultConfigurationIsVisible = 0;
			defaultConfigurationName = Release;
		};
		02EF05BC1D870C0A006624A3 /* Build configuration list for PBXNativeTarget "DreamLister" */ = {
			isa = XCConfigurationList;
			buildConfigurations = (
				02EF05BD1D870C0A006624A3 /* Debug */,
				02EF05BE1D870C0A006624A3 /* Release */,
			);
			defaultConfigurationIsVisible = 0;
			defaultConfigurationName = Release;
		};
		02EF05BF1D870C0A006624A3 /* Build configuration list for PBXNativeTarget "DreamListerTests" */ = {
			isa = XCConfigurationList;
			buildConfigurations = (
				02EF05C01D870C0A006624A3 /* Debug */,
				02EF05C11D870C0A006624A3 /* Release */,
			);
			defaultConfigurationIsVisible = 0;
			defaultConfigurationName = Release;
		};
		02EF05C21D870C0A006624A3 /* Build configuration list for PBXNativeTarget "DreamListerUITests" */ = {
			isa = XCConfigurationList;
			buildConfigurations = (
				02EF05C31D870C0A006624A3 /* Debug */,
				02EF05C41D870C0A006624A3 /* Release */,
			);
			defaultConfigurationIsVisible = 0;
			defaultConfigurationName = Release;
		};
/* End XCConfigurationList section */

/* Begin XCVersionGroup section */
		02EF059B1D870C0A006624A3 /* DreamLister.xcdatamodeld */ = {
			isa = XCVersionGroup;
			children = (
				02EF059C1D870C0A006624A3 /* DreamLister.xcdatamodel */,
			);
			currentVersion = 02EF059C1D870C0A006624A3 /* DreamLister.xcdatamodel */;
			path = DreamLister.xcdatamodeld;
			sourceTree = "<group>";
			versionGroupType = wrapper.xcdatamodel;
		};
/* End XCVersionGroup section */
	};
	rootObject = 02EF05891D870C0A006624A3 /* Project object */;
}
